
Microsoft Visual Studio Solution File, Format Version 12.00
# Visual Studio Version 16
VisualStudioVersion = 16.0.31321.278
MinimumVisualStudioVersion = 10.0.40219.1
Project("{9A19103F-16F7-4668-BE54-9A1E7A4F7556}") = "Evelin", "Evelin.csproj", "{A8D72385-C95F-4987-B844-2144EE89B401}"
EndProject
Project("{FAE04EC0-301F-11D3-BF4B-00C04F79EFBC}") = "EvelinInfrastructure", "EvelinInfrastructure\EvelinInfrastructure.csproj", "{9764BA84-18E2-47A0-9B45-9B44C6AF0550}"
EndProject
Global
	GlobalSection(SolutionConfigurationPlatforms) = preSolution
		Debug|Any CPU = Debug|Any CPU
		Release|Any CPU = Release|Any CPU
	EndGlobalSection
	GlobalSection(ProjectConfigurationPlatforms) = postSolution
		{A8D72385-C95F-4987-B844-2144EE89B401}.Debug|Any CPU.ActiveCfg = Debug|Any CPU
		{A8D72385-C95F-4987-B844-2144EE89B401}.Debug|Any CPU.Build.0 = Debug|Any CPU
		{A8D72385-C95F-4987-B844-2144EE89B401}.Release|Any CPU.ActiveCfg = Release|Any CPU
		{A8D72385-C95F-4987-B844-2144EE89B401}.Release|Any CPU.Build.0 = Release|Any CPU
		{9764BA84-18E2-47A0-9B45-9B44C6AF0550}.Debug|Any CPU.ActiveCfg = Debug|Any CPU
		{9764BA84-18E2-47A0-9B45-9B44C6AF0550}.Debug|Any CPU.Build.0 = Debug|Any CPU
		{9764BA84-18E2-47A0-9B45-9B44C6AF0550}.Release|Any CPU.ActiveCfg = Release|Any CPU
		{9764BA84-18E2-47A0-9B45-9B44C6AF0550}.Release|Any CPU.Build.0 = Release|Any CPU
	EndGlobalSection
	GlobalSection(SolutionProperties) = preSolution
		HideSolutionNode = FALSE
	EndGlobalSection
	GlobalSection(ExtensibilityGlobals) = postSolution
		SolutionGuid = {19684C09-2C63-404B-BA21-49465BB3B8FC}
	EndGlobalSection
EndGlobal
